
Microsoft Visual Studio Solution File, Format Version 12.00
# Visual Studio Version 17
VisualStudioVersion = 17.8.34511.84
MinimumVisualStudioVersion = 10.0.40219.1
Project("{FAE04EC0-301F-11D3-BF4B-00C04F79EFBC}") = "ArchiveManager", "ArchiveManager\ArchiveManager.csproj", "{9EE559DF-B8C8-4033-8B57-D5D4867D5DCA}"
EndProject
Global
	GlobalSection(SolutionConfigurationPlatforms) = preSolution
		Debug|Any CPU = Debug|Any CPU
		Release|Any CPU = Release|Any CPU
	EndGlobalSection
	GlobalSection(ProjectConfigurationPlatforms) = postSolution
		{9EE559DF-B8C8-4033-8B57-D5D4867D5DCA}.Debug|Any CPU.ActiveCfg = Debug|Any CPU
		{9EE559DF-B8C8-4033-8B57-D5D4867D5DCA}.Debug|Any CPU.Build.0 = Debug|Any CPU
		{9EE559DF-B8C8-4033-8B57-D5D4867D5DCA}.Release|Any CPU.ActiveCfg = Release|Any CPU
		{9EE559DF-B8C8-4033-8B57-D5D4867D5DCA}.Release|Any CPU.Build.0 = Release|Any CPU
	EndGlobalSection
	GlobalSection(SolutionProperties) = preSolution
		HideSolutionNode = FALSE
	EndGlobalSection
	GlobalSection(ExtensibilityGlobals) = postSolution
		SolutionGuid = {3BBCF825-2E0E-4E86-B70C-AD3EA08BE3A1}
	EndGlobalSection
EndGlobal
